
Microsoft Visual Studio Solution File, Format Version 12.00
# Visual Studio Version 17
VisualStudioVersion = 17.5.33530.505
MinimumVisualStudioVersion = 10.0.40219.1
Project("{FAE04EC0-301F-11D3-BF4B-00C04F79EFBC}") = "TkfClient", "TkfClient\TkfClient.csproj", "{210D8C6A-686C-4F99-8C3F-793178CBE806}"
EndProject
Global
	GlobalSection(SolutionConfigurationPlatforms) = preSolution
		Debug|Any CPU = Debug|Any CPU
		Release|Any CPU = Release|Any CPU
	EndGlobalSection
	GlobalSection(ProjectConfigurationPlatforms) = postSolution
		{210D8C6A-686C-4F99-8C3F-793178CBE806}.Debug|Any CPU.ActiveCfg = Debug|Any CPU
		{210D8C6A-686C-4F99-8C3F-793178CBE806}.Debug|Any CPU.Build.0 = Debug|Any CPU
		{210D8C6A-686C-4F99-8C3F-793178CBE806}.Release|Any CPU.ActiveCfg = Release|Any CPU
		{210D8C6A-686C-4F99-8C3F-793178CBE806}.Release|Any CPU.Build.0 = Release|Any CPU
	EndGlobalSection
	GlobalSection(SolutionProperties) = preSolution
		HideSolutionNode = FALSE
	EndGlobalSection
	GlobalSection(ExtensibilityGlobals) = postSolution
		SolutionGuid = {76761EE2-35D7-459F-B02E-FBFD321997DE}
	EndGlobalSection
EndGlobal
